
Microsoft Visual Studio Solution File, Format Version 12.00
# Visual Studio 15
VisualStudioVersion = 15.0.27004.2008
MinimumVisualStudioVersion = 10.0.40219.1
Project("{FAE04EC0-301F-11D3-BF4B-00C04F79EFBC}") = "ControleApp.Android", "ControleApp\ControleApp.Android\ControleApp.Android.csproj", "{081C418D-939F-4241-A1BB-C5ECCBACC152}"
EndProject
Project("{FAE04EC0-301F-11D3-BF4B-00C04F79EFBC}") = "ControleApp", "ControleApp\ControleApp\ControleApp.csproj", "{7386EDD7-BC54-421F-AEB6-7F54D5809844}"
EndProject
Project("{FAE04EC0-301F-11D3-BF4B-00C04F79EFBC}") = "ControleApp.UWP", "ControleApp\ControleApp.UWP\ControleApp.UWP.csproj", "{CBE8E304-BFFF-4AB4-8F97-70E6B614F69E}"
EndProject
Project("{FAE04EC0-301F-11D3-BF4B-00C04F79EFBC}") = "ControleApp.iOS", "ControleApp\ControleApp.iOS\ControleApp.iOS.csproj", "{91B935E3-848A-4784-8DE2-4B179D56EED4}"
EndProject
Global
	GlobalSection(SolutionConfigurationPlatforms) = preSolution
		Ad-Hoc|Any CPU = Ad-Hoc|Any CPU
		Ad-Hoc|ARM = Ad-Hoc|ARM
		Ad-Hoc|iPhone = Ad-Hoc|iPhone
		Ad-Hoc|iPhoneSimulator = Ad-Hoc|iPhoneSimulator
		Ad-Hoc|x64 = Ad-Hoc|x64
		Ad-Hoc|x86 = Ad-Hoc|x86
		AppStore|Any CPU = AppStore|Any CPU
		AppStore|ARM = AppStore|ARM
		AppStore|iPhone = AppStore|iPhone
		AppStore|iPhoneSimulator = AppStore|iPhoneSimulator
		AppStore|x64 = AppStore|x64
		AppStore|x86 = AppStore|x86
		Debug|Any CPU = Debug|Any CPU
		Debug|ARM = Debug|ARM
		Debug|iPhone = Debug|iPhone
		Debug|iPhoneSimulator = Debug|iPhoneSimulator
		Debug|x64 = Debug|x64
		Debug|x86 = Debug|x86
		Release|Any CPU = Release|Any CPU
		Release|ARM = Release|ARM
		Release|iPhone = Release|iPhone
		Release|iPhoneSimulator = Release|iPhoneSimulator
		Release|x64 = Release|x64
		Release|x86 = Release|x86
	EndGlobalSection
	GlobalSection(ProjectConfigurationPlatforms) = postSolution
		{081C418D-939F-4241-A1BB-C5ECCBACC152}.Ad-Hoc|Any CPU.ActiveCfg = Release|Any CPU
		{081C418D-939F-4241-A1BB-C5ECCBACC152}.Ad-Hoc|Any CPU.Build.0 = Release|Any CPU
		{081C418D-939F-4241-A1BB-C5ECCBACC152}.Ad-Hoc|Any CPU.Deploy.0 = Release|Any CPU
		{081C418D-939F-4241-A1BB-C5ECCBACC152}.Ad-Hoc|ARM.ActiveCfg = Release|Any CPU
		{081C418D-939F-4241-A1BB-C5ECCBACC152}.Ad-Hoc|ARM.Build.0 = Release|Any CPU
		{081C418D-939F-4241-A1BB-C5ECCBACC152}.Ad-Hoc|ARM.Deploy.0 = Release|Any CPU
		{081C418D-939F-4241-A1BB-C5ECCBACC152}.Ad-Hoc|iPhone.ActiveCfg = Release|Any CPU
		{081C418D-939F-4241-A1BB-C5ECCBACC152}.Ad-Hoc|iPhone.Build.0 = Release|Any CPU
		{081C418D-939F-4241-A1BB-C5ECCBACC152}.Ad-Hoc|iPhone.Deploy.0 = Release|Any CPU
		{081C418D-939F-4241-A1BB-C5ECCBACC152}.Ad-Hoc|iPhoneSimulator.ActiveCfg = Release|Any CPU
		{081C418D-939F-4241-A1BB-C5ECCBACC152}.Ad-Hoc|iPhoneSimulator.Build.0 = Release|Any CPU
		{081C418D-939F-4241-A1BB-C5ECCBACC152}.Ad-Hoc|iPhoneSimulator.Deploy.0 = Release|Any CPU
		{081C418D-939F-4241-A1BB-C5ECCBACC152}.Ad-Hoc|x64.ActiveCfg = Release|Any CPU
		{081C418D-939F-4241-A1BB-C5ECCBACC152}.Ad-Hoc|x64.Build.0 = Release|Any CPU
		{081C418D-939F-4241-A1BB-C5ECCBACC152}.Ad-Hoc|x64.Deploy.0 = Release|Any CPU
		{081C418D-939F-4241-A1BB-C5ECCBACC152}.Ad-Hoc|x86.ActiveCfg = Release|Any CPU
		{081C418D-939F-4241-A1BB-C5ECCBACC152}.Ad-Hoc|x86.Build.0 = Release|Any CPU
		{081C418D-939F-4241-A1BB-C5ECCBACC152}.Ad-Hoc|x86.Deploy.0 = Release|Any CPU
		{081C418D-939F-4241-A1BB-C5ECCBACC152}.AppStore|Any CPU.ActiveCfg = Release|Any CPU
		{081C418D-939F-4241-A1BB-C5ECCBACC152}.AppStore|Any CPU.Build.0 = Release|Any CPU
		{081C418D-939F-4241-A1BB-C5ECCBACC152}.AppStore|Any CPU.Deploy.0 = Release|Any CPU
		{081C418D-939F-4241-A1BB-C5ECCBACC152}.AppStore|ARM.ActiveCfg = Release|Any CPU
		{081C418D-939F-4241-A1BB-C5ECCBACC152}.AppStore|ARM.Build.0 = Release|Any CPU
		{081C418D-939F-4241-A1BB-C5ECCBACC152}.AppStore|ARM.Deploy.0 = Release|Any CPU
		{081C418D-939F-4241-A1BB-C5ECCBACC152}.AppStore|iPhone.ActiveCfg = Release|Any CPU
		{081C418D-939F-4241-A1BB-C5ECCBACC152}.AppStore|iPhone.Build.0 = Release|Any CPU
		{081C418D-939F-4241-A1BB-C5ECCBACC152}.AppStore|iPhone.Deploy.0 = Release|Any CPU
		{081C418D-939F-4241-A1BB-C5ECCBACC152}.AppStore|iPhoneSimulator.ActiveCfg = Release|Any CPU
		{081C418D-939F-4241-A1BB-C5ECCBACC152}.AppStore|iPhoneSimulator.Build.0 = Release|Any CPU
		{081C418D-939F-4241-A1BB-C5ECCBACC152}.AppStore|iPhoneSimulator.Deploy.0 = Release|Any CPU
		{081C418D-939F-4241-A1BB-C5ECCBACC152}.AppStore|x64.ActiveCfg = Release|Any CPU
		{081C418D-939F-4241-A1BB-C5ECCBACC152}.AppStore|x64.Build.0 = Release|Any CPU
		{081C418D-939F-4241-A1BB-C5ECCBACC152}.AppStore|x64.Deploy.0 = Release|Any CPU
		{081C418D-939F-4241-A1BB-C5ECCBACC152}.AppStore|x86.ActiveCfg = Release|Any CPU
		{081C418D-939F-4241-A1BB-C5ECCBACC152}.AppStore|x86.Build.0 = Release|Any CPU
		{081C418D-939F-4241-A1BB-C5ECCBACC152}.AppStore|x86.Deploy.0 = Release|Any CPU
		{081C418D-939F-4241-A1BB-C5ECCBACC152}.Debug|Any CPU.ActiveCfg = Debug|Any CPU
		{081C418D-939F-4241-A1BB-C5ECCBACC152}.Debug|Any CPU.Build.0 = Debug|Any CPU
		{081C418D-939F-4241-A1BB-C5ECCBACC152}.Debug|Any CPU.Deploy.0 = Debug|Any CPU
		{081C418D-939F-4241-A1BB-C5ECCBACC152}.Debug|ARM.ActiveCfg = Debug|Any CPU
		{081C418D-939F-4241-A1BB-C5ECCBACC152}.Debug|ARM.Build.0 = Debug|Any CPU
		{081C418D-939F-4241-A1BB-C5ECCBACC152}.Debug|ARM.Deploy.0 = Debug|Any CPU
		{081C418D-939F-4241-A1BB-C5ECCBACC152}.Debug|iPhone.ActiveCfg = Debug|Any CPU
		{081C418D-939F-4241-A1BB-C5ECCBACC152}.Debug|iPhone.Build.0 = Debug|Any CPU
		{081C418D-939F-4241-A1BB-C5ECCBACC152}.Debug|iPhone.Deploy.0 = Debug|Any CPU
		{081C418D-939F-4241-A1BB-C5ECCBACC152}.Debug|iPhoneSimulator.ActiveCfg = Debug|Any CPU
		{081C418D-939F-4241-A1BB-C5ECCBACC152}.Debug|iPhoneSimulator.Build.0 = Debug|Any CPU
		{081C418D-939F-4241-A1BB-C5ECCBACC152}.Debug|iPhoneSimulator.Deploy.0 = Debug|Any CPU
		{081C418D-939F-4241-A1BB-C5ECCBACC152}.Debug|x64.ActiveCfg = Debug|Any CPU
		{081C418D-939F-4241-A1BB-C5ECCBACC152}.Debug|x64.Build.0 = Debug|Any CPU
		{081C418D-939F-4241-A1BB-C5ECCBACC152}.Debug|x64.Deploy.0 = Debug|Any CPU
		{081C418D-939F-4241-A1BB-C5ECCBACC152}.Debug|x86.ActiveCfg = Debug|Any CPU
		{081C418D-939F-4241-A1BB-C5ECCBACC152}.Debug|x86.Build.0 = Debug|Any CPU
		{081C418D-939F-4241-A1BB-C5ECCBACC152}.Debug|x86.Deploy.0 = Debug|Any CPU
		{081C418D-939F-4241-A1BB-C5ECCBACC152}.Release|Any CPU.ActiveCfg = Release|Any CPU
		{081C418D-939F-4241-A1BB-C5ECCBACC152}.Release|Any CPU.Build.0 = Release|Any CPU
		{081C418D-939F-4241-A1BB-C5ECCBACC152}.Release|Any CPU.Deploy.0 = Release|Any CPU
		{081C418D-939F-4241-A1BB-C5ECCBACC152}.Release|ARM.ActiveCfg = Release|Any CPU
		{081C418D-939F-4241-A1BB-C5ECCBACC152}.Release|ARM.Build.0 = Release|Any CPU
		{081C418D-939F-4241-A1BB-C5ECCBACC152}.Release|ARM.Deploy.0 = Release|Any CPU
		{081C418D-939F-4241-A1BB-C5ECCBACC152}.Release|iPhone.ActiveCfg = Release|Any CPU
		{081C418D-939F-4241-A1BB-C5ECCBACC152}.Release|iPhone.Build.0 = Release|Any CPU
		{081C418D-939F-4241-A1BB-C5ECCBACC152}.Release|iPhone.Deploy.0 = Release|Any CPU
		{081C418D-939F-4241-A1BB-C5ECCBACC152}.Release|iPhoneSimulator.ActiveCfg = Release|Any CPU
		{081C418D-939F-4241-A1BB-C5ECCBACC152}.Release|iPhoneSimulator.Build.0 = Release|Any CPU
		{081C418D-939F-4241-A1BB-C5ECCBACC152}.Release|iPhoneSimulator.Deploy.0 = Release|Any CPU
		{081C418D-939F-4241-A1BB-C5ECCBACC152}.Release|x64.ActiveCfg = Release|Any CPU
		{081C418D-939F-4241-A1BB-C5ECCBACC152}.Release|x64.Build.0 = Release|Any CPU
		{081C418D-939F-4241-A1BB-C5ECCBACC152}.Release|x64.Deploy.0 = Release|Any CPU
		{081C418D-939F-4241-A1BB-C5ECCBACC152}.Release|x86.ActiveCfg = Release|Any CPU
		{081C418D-939F-4241-A1BB-C5ECCBACC152}.Release|x86.Build.0 = Release|Any CPU
		{081C418D-939F-4241-A1BB-C5ECCBACC152}.Release|x86.Deploy.0 = Release|Any CPU
		{7386EDD7-BC54-421F-AEB6-7F54D5809844}.Ad-Hoc|Any CPU.ActiveCfg = Release|Any CPU
		{7386EDD7-BC54-421F-AEB6-7F54D5809844}.Ad-Hoc|Any CPU.Build.0 = Release|Any CPU
		{7386EDD7-BC54-421F-AEB6-7F54D5809844}.Ad-Hoc|ARM.ActiveCfg = Release|Any CPU
		{7386EDD7-BC54-421F-AEB6-7F54D5809844}.Ad-Hoc|ARM.Build.0 = Release|Any CPU
		{7386EDD7-BC54-421F-AEB6-7F54D5809844}.Ad-Hoc|iPhone.ActiveCfg = Release|Any CPU
		{7386EDD7-BC54-421F-AEB6-7F54D5809844}.Ad-Hoc|iPhone.Build.0 = Release|Any CPU
		{7386EDD7-BC54-421F-AEB6-7F54D5809844}.Ad-Hoc|iPhoneSimulator.ActiveCfg = Release|Any CPU
		{7386EDD7-BC54-421F-AEB6-7F54D5809844}.Ad-Hoc|iPhoneSimulator.Build.0 = Release|Any CPU
		{7386EDD7-BC54-421F-AEB6-7F54D5809844}.Ad-Hoc|x64.ActiveCfg = Release|Any CPU
		{7386EDD7-BC54-421F-AEB6-7F54D5809844}.Ad-Hoc|x64.Build.0 = Release|Any CPU
		{7386EDD7-BC54-421F-AEB6-7F54D5809844}.Ad-Hoc|x86.ActiveCfg = Release|Any CPU
		{7386EDD7-BC54-421F-AEB6-7F54D5809844}.Ad-Hoc|x86.Build.0 = Release|Any CPU
		{7386EDD7-BC54-421F-AEB6-7F54D5809844}.AppStore|Any CPU.ActiveCfg = Release|Any CPU
		{7386EDD7-BC54-421F-AEB6-7F54D5809844}.AppStore|Any CPU.Build.0 = Release|Any CPU
		{7386EDD7-BC54-421F-AEB6-7F54D5809844}.AppStore|ARM.ActiveCfg = Release|Any CPU
		{7386EDD7-BC54-421F-AEB6-7F54D5809844}.AppStore|ARM.Build.0 = Release|Any CPU
		{7386EDD7-BC54-421F-AEB6-7F54D5809844}.AppStore|iPhone.ActiveCfg = Release|Any CPU
		{7386EDD7-BC54-421F-AEB6-7F54D5809844}.AppStore|iPhone.Build.0 = Release|Any CPU
		{7386EDD7-BC54-421F-AEB6-7F54D5809844}.AppStore|iPhoneSimulator.ActiveCfg = Release|Any CPU
		{7386EDD7-BC54-421F-AEB6-7F54D5809844}.AppStore|iPhoneSimulator.Build.0 = Release|Any CPU
		{7386EDD7-BC54-421F-AEB6-7F54D5809844}.AppStore|x64.ActiveCfg = Release|Any CPU
		{7386EDD7-BC54-421F-AEB6-7F54D5809844}.AppStore|x64.Build.0 = Release|Any CPU
		{7386EDD7-BC54-421F-AEB6-7F54D5809844}.AppStore|x86.ActiveCfg = Release|Any CPU
		{7386EDD7-BC54-421F-AEB6-7F54D5809844}.AppStore|x86.Build.0 = Release|Any CPU
		{7386EDD7-BC54-421F-AEB6-7F54D5809844}.Debug|Any CPU.ActiveCfg = Debug|Any CPU
		{7386EDD7-BC54-421F-AEB6-7F54D5809844}.Debug|Any CPU.Build.0 = Debug|Any CPU
		{7386EDD7-BC54-421F-AEB6-7F54D5809844}.Debug|ARM.ActiveCfg = Debug|Any CPU
		{7386EDD7-BC54-421F-AEB6-7F54D5809844}.Debug|ARM.Build.0 = Debug|Any CPU
		{7386EDD7-BC54-421F-AEB6-7F54D5809844}.Debug|iPhone.ActiveCfg = Debug|Any CPU
		{7386EDD7-BC54-421F-AEB6-7F54D5809844}.Debug|iPhone.Build.0 = Debug|Any CPU
		{7386EDD7-BC54-421F-AEB6-7F54D5809844}.Debug|iPhoneSimulator.ActiveCfg = Debug|Any CPU
		{7386EDD7-BC54-421F-AEB6-7F54D5809844}.Debug|iPhoneSimulator.Build.0 = Debug|Any CPU
		{7386EDD7-BC54-421F-AEB6-7F54D5809844}.Debug|x64.ActiveCfg = Debug|Any CPU
		{7386EDD7-BC54-421F-AEB6-7F54D5809844}.Debug|x64.Build.0 = Debug|Any CPU
		{7386EDD7-BC54-421F-AEB6-7F54D5809844}.Debug|x86.ActiveCfg = Debug|Any CPU
		{7386EDD7-BC54-421F-AEB6-7F54D5809844}.Debug|x86.Build.0 = Debug|Any CPU
		{7386EDD7-BC54-421F-AEB6-7F54D5809844}.Release|Any CPU.ActiveCfg = Release|Any CPU
		{7386EDD7-BC54-421F-AEB6-7F54D5809844}.Release|Any CPU.Build.0 = Release|Any CPU
		{7386EDD7-BC54-421F-AEB6-7F54D5809844}.Release|ARM.ActiveCfg = Release|Any CPU
		{7386EDD7-BC54-421F-AEB6-7F54D5809844}.Release|ARM.Build.0 = Release|Any CPU
		{7386EDD7-BC54-421F-AEB6-7F54D5809844}.Release|iPhone.ActiveCfg = Release|Any CPU
		{7386EDD7-BC54-421F-AEB6-7F54D5809844}.Release|iPhone.Build.0 = Release|Any CPU
		{7386EDD7-BC54-421F-AEB6-7F54D5809844}.Release|iPhoneSimulator.ActiveCfg = Release|Any CPU
		{7386EDD7-BC54-421F-AEB6-7F54D5809844}.Release|iPhoneSimulator.Build.0 = Release|Any CPU
		{7386EDD7-BC54-421F-AEB6-7F54D5809844}.Release|x64.ActiveCfg = Release|Any CPU
		{7386EDD7-BC54-421F-AEB6-7F54D5809844}.Release|x64.Build.0 = Release|Any CPU
		{7386EDD7-BC54-421F-AEB6-7F54D5809844}.Release|x86.ActiveCfg = Release|Any CPU
		{7386EDD7-BC54-421F-AEB6-7F54D5809844}.Release|x86.Build.0 = Release|Any CPU
		{CBE8E304-BFFF-4AB4-8F97-70E6B614F69E}.Ad-Hoc|Any CPU.ActiveCfg = Release|x86
		{CBE8E304-BFFF-4AB4-8F97-70E6B614F69E}.Ad-Hoc|Any CPU.Build.0 = Release|x86
		{CBE8E304-BFFF-4AB4-8F97-70E6B614F69E}.Ad-Hoc|Any CPU.Deploy.0 = Release|x86
		{CBE8E304-BFFF-4AB4-8F97-70E6B614F69E}.Ad-Hoc|ARM.ActiveCfg = Release|ARM
		{CBE8E304-BFFF-4AB4-8F97-70E6B614F69E}.Ad-Hoc|ARM.Build.0 = Release|ARM
		{CBE8E304-BFFF-4AB4-8F97-70E6B614F69E}.Ad-Hoc|ARM.Deploy.0 = Release|ARM
		{CBE8E304-BFFF-4AB4-8F97-70E6B614F69E}.Ad-Hoc|iPhone.ActiveCfg = Release|x86
		{CBE8E304-BFFF-4AB4-8F97-70E6B614F69E}.Ad-Hoc|iPhone.Build.0 = Release|x86
		{CBE8E304-BFFF-4AB4-8F97-70E6B614F69E}.Ad-Hoc|iPhone.Deploy.0 = Release|x86
		{CBE8E304-BFFF-4AB4-8F97-70E6B614F69E}.Ad-Hoc|iPhoneSimulator.ActiveCfg = Release|x86
		{CBE8E304-BFFF-4AB4-8F97-70E6B614F69E}.Ad-Hoc|iPhoneSimulator.Build.0 = Release|x86
		{CBE8E304-BFFF-4AB4-8F97-70E6B614F69E}.Ad-Hoc|iPhoneSimulator.Deploy.0 = Release|x86
		{CBE8E304-BFFF-4AB4-8F97-70E6B614F69E}.Ad-Hoc|x64.ActiveCfg = Release|x64
		{CBE8E304-BFFF-4AB4-8F97-70E6B614F69E}.Ad-Hoc|x64.Build.0 = Release|x64
		{CBE8E304-BFFF-4AB4-8F97-70E6B614F69E}.Ad-Hoc|x64.Deploy.0 = Release|x64
		{CBE8E304-BFFF-4AB4-8F97-70E6B614F69E}.Ad-Hoc|x86.ActiveCfg = Release|x86
		{CBE8E304-BFFF-4AB4-8F97-70E6B614F69E}.Ad-Hoc|x86.Build.0 = Release|x86
		{CBE8E304-BFFF-4AB4-8F97-70E6B614F69E}.Ad-Hoc|x86.Deploy.0 = Release|x86
		{CBE8E304-BFFF-4AB4-8F97-70E6B614F69E}.AppStore|Any CPU.ActiveCfg = Release|x86
		{CBE8E304-BFFF-4AB4-8F97-70E6B614F69E}.AppStore|Any CPU.Build.0 = Release|x86
		{CBE8E304-BFFF-4AB4-8F97-70E6B614F69E}.AppStore|Any CPU.Deploy.0 = Release|x86
		{CBE8E304-BFFF-4AB4-8F97-70E6B614F69E}.AppStore|ARM.ActiveCfg = Release|ARM
		{CBE8E304-BFFF-4AB4-8F97-70E6B614F69E}.AppStore|ARM.Build.0 = Release|ARM
		{CBE8E304-BFFF-4AB4-8F97-70E6B614F69E}.AppStore|ARM.Deploy.0 = Release|ARM
		{CBE8E304-BFFF-4AB4-8F97-70E6B614F69E}.AppStore|iPhone.ActiveCfg = Release|x86
		{CBE8E304-BFFF-4AB4-8F97-70E6B614F69E}.AppStore|iPhone.Build.0 = Release|x86
		{CBE8E304-BFFF-4AB4-8F97-70E6B614F69E}.AppStore|iPhone.Deploy.0 = Release|x86
		{CBE8E304-BFFF-4AB4-8F97-70E6B614F69E}.AppStore|iPhoneSimulator.ActiveCfg = Release|x86
		{CBE8E304-BFFF-4AB4-8F97-70E6B614F69E}.AppStore|iPhoneSimulator.Build.0 = Release|x86
		{CBE8E304-BFFF-4AB4-8F97-70E6B614F69E}.AppStore|iPhoneSimulator.Deploy.0 = Release|x86
		{CBE8E304-BFFF-4AB4-8F97-70E6B614F69E}.AppStore|x64.ActiveCfg = Release|x64
		{CBE8E304-BFFF-4AB4-8F97-70E6B614F69E}.AppStore|x64.Build.0 = Release|x64
		{CBE8E304-BFFF-4AB4-8F97-70E6B614F69E}.AppStore|x64.Deploy.0 = Release|x64
		{CBE8E304-BFFF-4AB4-8F97-70E6B614F69E}.AppStore|x86.ActiveCfg = Release|x86
		{CBE8E304-BFFF-4AB4-8F97-70E6B614F69E}.AppStore|x86.Build.0 = Release|x86
		{CBE8E304-BFFF-4AB4-8F97-70E6B614F69E}.AppStore|x86.Deploy.0 = Release|x86
		{CBE8E304-BFFF-4AB4-8F97-70E6B614F69E}.Debug|Any CPU.ActiveCfg = Debug|x86
		{CBE8E304-BFFF-4AB4-8F97-70E6B614F69E}.Debug|ARM.ActiveCfg = Debug|ARM
		{CBE8E304-BFFF-4AB4-8F97-70E6B614F69E}.Debug|ARM.Build.0 = Debug|ARM
		{CBE8E304-BFFF-4AB4-8F97-70E6B614F69E}.Debug|ARM.Deploy.0 = Debug|ARM
		{CBE8E304-BFFF-4AB4-8F97-70E6B614F69E}.Debug|iPhone.ActiveCfg = Debug|x86
		{CBE8E304-BFFF-4AB4-8F97-70E6B614F69E}.Debug|iPhoneSimulator.ActiveCfg = Debug|x86
		{CBE8E304-BFFF-4AB4-8F97-70E6B614F69E}.Debug|x64.ActiveCfg = Debug|x64
		{CBE8E304-BFFF-4AB4-8F97-70E6B614F69E}.Debug|x64.Build.0 = Debug|x64
		{CBE8E304-BFFF-4AB4-8F97-70E6B614F69E}.Debug|x64.Deploy.0 = Debug|x64
		{CBE8E304-BFFF-4AB4-8F97-70E6B614F69E}.Debug|x86.ActiveCfg = Debug|x86
		{CBE8E304-BFFF-4AB4-8F97-70E6B614F69E}.Debug|x86.Build.0 = Debug|x86
		{CBE8E304-BFFF-4AB4-8F97-70E6B614F69E}.Debug|x86.Deploy.0 = Debug|x86
		{CBE8E304-BFFF-4AB4-8F97-70E6B614F69E}.Release|Any CPU.ActiveCfg = Release|x86
		{CBE8E304-BFFF-4AB4-8F97-70E6B614F69E}.Release|ARM.ActiveCfg = Release|ARM
		{CBE8E304-BFFF-4AB4-8F97-70E6B614F69E}.Release|ARM.Build.0 = Release|ARM
		{CBE8E304-BFFF-4AB4-8F97-70E6B614F69E}.Release|ARM.Deploy.0 = Release|ARM
		{CBE8E304-BFFF-4AB4-8F97-70E6B614F69E}.Release|iPhone.ActiveCfg = Release|x86
		{CBE8E304-BFFF-4AB4-8F97-70E6B614F69E}.Release|iPhoneSimulator.ActiveCfg = Release|x86
		{CBE8E304-BFFF-4AB4-8F97-70E6B614F69E}.Release|x64.ActiveCfg = Release|x64
		{CBE8E304-BFFF-4AB4-8F97-70E6B614F69E}.Release|x64.Build.0 = Release|x64
		{CBE8E304-BFFF-4AB4-8F97-70E6B614F69E}.Release|x64.Deploy.0 = Release|x64
		{CBE8E304-BFFF-4AB4-8F97-70E6B614F69E}.Release|x86.ActiveCfg = Release|x86
		{CBE8E304-BFFF-4AB4-8F97-70E6B614F69E}.Release|x86.Build.0 = Release|x86
		{CBE8E304-BFFF-4AB4-8F97-70E6B614F69E}.Release|x86.Deploy.0 = Release|x86
		{91B935E3-848A-4784-8DE2-4B179D56EED4}.Ad-Hoc|Any CPU.ActiveCfg = Ad-Hoc|iPhone
		{91B935E3-848A-4784-8DE2-4B179D56EED4}.Ad-Hoc|ARM.ActiveCfg = Ad-Hoc|iPhone
		{91B935E3-848A-4784-8DE2-4B179D56EED4}.Ad-Hoc|iPhone.ActiveCfg = Ad-Hoc|iPhone
		{91B935E3-848A-4784-8DE2-4B179D56EED4}.Ad-Hoc|iPhone.Build.0 = Ad-Hoc|iPhone
		{91B935E3-848A-4784-8DE2-4B179D56EED4}.Ad-Hoc|iPhoneSimulator.ActiveCfg = Ad-Hoc|iPhoneSimulator
		{91B935E3-848A-4784-8DE2-4B179D56EED4}.Ad-Hoc|iPhoneSimulator.Build.0 = Ad-Hoc|iPhoneSimulator
		{91B935E3-848A-4784-8DE2-4B179D56EED4}.Ad-Hoc|x64.ActiveCfg = Ad-Hoc|iPhone
		{91B935E3-848A-4784-8DE2-4B179D56EED4}.Ad-Hoc|x86.ActiveCfg = Ad-Hoc|iPhone
		{91B935E3-848A-4784-8DE2-4B179D56EED4}.AppStore|Any CPU.ActiveCfg = AppStore|iPhone
		{91B935E3-848A-4784-8DE2-4B179D56EED4}.AppStore|ARM.ActiveCfg = AppStore|iPhone
		{91B935E3-848A-4784-8DE2-4B179D56EED4}.AppStore|iPhone.ActiveCfg = AppStore|iPhone
		{91B935E3-848A-4784-8DE2-4B179D56EED4}.AppStore|iPhone.Build.0 = AppStore|iPhone
		{91B935E3-848A-4784-8DE2-4B179D56EED4}.AppStore|iPhoneSimulator.ActiveCfg = AppStore|iPhoneSimulator
		{91B935E3-848A-4784-8DE2-4B179D56EED4}.AppStore|iPhoneSimulator.Build.0 = AppStore|iPhoneSimulator
		{91B935E3-848A-4784-8DE2-4B179D56EED4}.AppStore|x64.ActiveCfg = AppStore|iPhone
		{91B935E3-848A-4784-8DE2-4B179D56EED4}.AppStore|x86.ActiveCfg = AppStore|iPhone
		{91B935E3-848A-4784-8DE2-4B179D56EED4}.Debug|Any CPU.ActiveCfg = Debug|iPhone
		{91B935E3-848A-4784-8DE2-4B179D56EED4}.Debug|ARM.ActiveCfg = Debug|iPhone
		{91B935E3-848A-4784-8DE2-4B179D56EED4}.Debug|iPhone.ActiveCfg = Debug|iPhone
		{91B935E3-848A-4784-8DE2-4B179D56EED4}.Debug|iPhone.Build.0 = Debug|iPhone
		{91B935E3-848A-4784-8DE2-4B179D56EED4}.Debug|iPhoneSimulator.ActiveCfg = Debug|iPhoneSimulator
		{91B935E3-848A-4784-8DE2-4B179D56EED4}.Debug|iPhoneSimulator.Build.0 = Debug|iPhoneSimulator
		{91B935E3-848A-4784-8DE2-4B179D56EED4}.Debug|x64.ActiveCfg = Debug|iPhone
		{91B935E3-848A-4784-8DE2-4B179D56EED4}.Debug|x86.ActiveCfg = Debug|iPhone
		{91B935E3-848A-4784-8DE2-4B179D56EED4}.Release|Any CPU.ActiveCfg = Release|iPhone
		{91B935E3-848A-4784-8DE2-4B179D56EED4}.Release|ARM.ActiveCfg = Release|iPhone
		{91B935E3-848A-4784-8DE2-4B179D56EED4}.Release|iPhone.ActiveCfg = Release|iPhone
		{91B935E3-848A-4784-8DE2-4B179D56EED4}.Release|iPhone.Build.0 = Release|iPhone
		{91B935E3-848A-4784-8DE2-4B179D56EED4}.Release|iPhoneSimulator.ActiveCfg = Release|iPhoneSimulator
		{91B935E3-848A-4784-8DE2-4B179D56EED4}.Release|iPhoneSimulator.Build.0 = Release|iPhoneSimulator
		{91B935E3-848A-4784-8DE2-4B179D56EED4}.Release|x64.ActiveCfg = Release|iPhone
		{91B935E3-848A-4784-8DE2-4B179D56EED4}.Release|x86.ActiveCfg = Release|iPhone
	EndGlobalSection
	GlobalSection(SolutionProperties) = preSolution
		HideSolutionNode = FALSE
	EndGlobalSection
	GlobalSection(ExtensibilityGlobals) = postSolution
		SolutionGuid = {A53512A9-0372-4ABD-8505-EBC8AE6419F0}
	EndGlobalSection
EndGlobal
